
Microsoft Visual Studio Solution File, Format Version 12.00
# Visual Studio Version 17
VisualStudioVersion = 17.11.35222.181
MinimumVisualStudioVersion = 10.0.40219.1
Project("{FAE04EC0-301F-11D3-BF4B-00C04F79EFBC}") = "RolePlay Tools 3.0", "RolePlay Tools 2.0\RolePlay Tools 3.0.csproj", "{FE3AA7E6-91D6-45C2-B4D6-5EF62C1DD799}"
EndProject
Global
	GlobalSection(SolutionConfigurationPlatforms) = preSolution
		Debug|Any CPU = Debug|Any CPU
		Release|Any CPU = Release|Any CPU
	EndGlobalSection
	GlobalSection(ProjectConfigurationPlatforms) = postSolution
		{FE3AA7E6-91D6-45C2-B4D6-5EF62C1DD799}.Debug|Any CPU.ActiveCfg = Debug|Any CPU
		{FE3AA7E6-91D6-45C2-B4D6-5EF62C1DD799}.Debug|Any CPU.Build.0 = Debug|Any CPU
		{FE3AA7E6-91D6-45C2-B4D6-5EF62C1DD799}.Release|Any CPU.ActiveCfg = Release|Any CPU
		{FE3AA7E6-91D6-45C2-B4D6-5EF62C1DD799}.Release|Any CPU.Build.0 = Release|Any CPU
	EndGlobalSection
	GlobalSection(SolutionProperties) = preSolution
		HideSolutionNode = FALSE
	EndGlobalSection
	GlobalSection(ExtensibilityGlobals) = postSolution
		SolutionGuid = {5AC74149-835F-43EF-8872-B2ABD419EC26}
	EndGlobalSection
EndGlobal
